
Microsoft Visual Studio Solution File, Format Version 12.00
# Visual Studio 15
VisualStudioVersion = 15.0.28307.168
MinimumVisualStudioVersion = 10.0.40219.1
Project("{9A19103F-16F7-4668-BE54-9A1E7A4F7556}") = "SkyApm.Diagnostics.MySqlData", "src\SkyWalking.Diagnostics.MySqlData\SkyApm.Diagnostics.MySqlData.csproj", "{4ECC9E2E-5AE9-49A3-AC9E-C7170DE15BA1}"
EndProject
Global
	GlobalSection(SolutionConfigurationPlatforms) = preSolution
		Debug|Any CPU = Debug|Any CPU
		Release|Any CPU = Release|Any CPU
	EndGlobalSection
	GlobalSection(ProjectConfigurationPlatforms) = postSolution
		{4ECC9E2E-5AE9-49A3-AC9E-C7170DE15BA1}.Debug|Any CPU.ActiveCfg = Debug|Any CPU
		{4ECC9E2E-5AE9-49A3-AC9E-C7170DE15BA1}.Debug|Any CPU.Build.0 = Debug|Any CPU
		{4ECC9E2E-5AE9-49A3-AC9E-C7170DE15BA1}.Release|Any CPU.ActiveCfg = Release|Any CPU
		{4ECC9E2E-5AE9-49A3-AC9E-C7170DE15BA1}.Release|Any CPU.Build.0 = Release|Any CPU
	EndGlobalSection
	GlobalSection(SolutionProperties) = preSolution
		HideSolutionNode = FALSE
	EndGlobalSection
	GlobalSection(ExtensibilityGlobals) = postSolution
		SolutionGuid = {E496187F-16F2-4F43-842B-386E33636E22}
	EndGlobalSection
EndGlobal
